{
  "name": "@hrica/miica-kit",
  "version": "0.2.0",
  "lockfileVersion": 3,
  "requires": true,
  "packages": {
    "": {
      "name": "@hrica/miica-kit",
      "version": "0.2.0",
      "bin": {
        "miica-agent-kit": "bin/miica-kit.mjs",
        "miica-kit": "bin/miica-kit.mjs"
      },
      "engines": {
        "node": ">=18"
      }
    }
  }
}
